
Microsoft Visual Studio Solution File, Format Version 12.00
# Visual Studio 2012
Project("{FAE04EC0-301F-11D3-BF4B-00C04F79EFBC}") = "WebForms", "WebForms\WebForms.csproj", "{F15675A4-89A4-429C-A448-CCB104EB4043}"
EndProject
Project("{2150E333-8FDC-42A3-9474-1A3956D46DE8}") = ".nuget", ".nuget", "{B1E7A5C4-E2ED-4DCD-BCD2-8120D4147B88}"
	ProjectSection(SolutionItems) = preProject
		.nuget\NuGet.Config = .nuget\NuGet.Config
		.nuget\NuGet.exe = .nuget\NuGet.exe
		.nuget\NuGet.targets = .nuget\NuGet.targets
	EndProjectSection
EndProject
Project("{FAE04EC0-301F-11D3-BF4B-00C04F79EFBC}") = "Common", "Common\Common.csproj", "{A8BCF646-F426-47FB-925E-8D8F67FE5771}"
EndProject
Global
	GlobalSection(TeamFoundationVersionControl) = preSolution
		SccNumberOfProjects = 3
		SccEnterpriseProvider = {4CA58AB2-18FA-4F8D-95D4-32DDF27D184C}
		SccTeamFoundationServer = http://hv-tfs2k8:8080/
		SccLocalPath0 = .
		SccProjectUniqueName1 = Common\\Common.csproj
		SccProjectName1 = Common
		SccLocalPath1 = Common
		SccProjectUniqueName2 = WebForms\\WebForms.csproj
		SccProjectName2 = WebForms
		SccLocalPath2 = WebForms
	EndGlobalSection
	GlobalSection(SolutionConfigurationPlatforms) = preSolution
		Debug|Any CPU = Debug|Any CPU
		Release|Any CPU = Release|Any CPU
	EndGlobalSection
	GlobalSection(ProjectConfigurationPlatforms) = postSolution
		{F15675A4-89A4-429C-A448-CCB104EB4043}.Debug|Any CPU.ActiveCfg = Debug|Any CPU
		{F15675A4-89A4-429C-A448-CCB104EB4043}.Debug|Any CPU.Build.0 = Debug|Any CPU
		{F15675A4-89A4-429C-A448-CCB104EB4043}.Release|Any CPU.ActiveCfg = Release|Any CPU
		{F15675A4-89A4-429C-A448-CCB104EB4043}.Release|Any CPU.Build.0 = Release|Any CPU
		{A8BCF646-F426-47FB-925E-8D8F67FE5771}.Debug|Any CPU.ActiveCfg = Debug|Any CPU
		{A8BCF646-F426-47FB-925E-8D8F67FE5771}.Debug|Any CPU.Build.0 = Debug|Any CPU
		{A8BCF646-F426-47FB-925E-8D8F67FE5771}.Release|Any CPU.ActiveCfg = Release|Any CPU
		{A8BCF646-F426-47FB-925E-8D8F67FE5771}.Release|Any CPU.Build.0 = Release|Any CPU
	EndGlobalSection
	GlobalSection(SolutionProperties) = preSolution
		HideSolutionNode = FALSE
	EndGlobalSection
EndGlobal
